// !$*UTF8*$!
{
	archiveVersion = 1;
	classes = {
	};
	objectVersion = 56;
	objects = {

/* Begin PBXBuildFile section */
		19FAAE9E70231BF0944BE8D5 /* libPods-FlashThoughtsMacOS.a in Frameworks */ = {isa = PBXBuildFile; fileRef = E969C44F33D76FF2A7E3B803 /* libPods-FlashThoughtsMacOS.a */; };
		2256E8BA2BC30CDE0083FFC3 /* AppDelegate.m in Sources */ = {isa = PBXBuildFile; fileRef = 2256E8B92BC30CDE0083FFC3 /* AppDelegate.m */; };
		2256E8BF2BC30CDF0083FFC3 /* Assets.xcassets in Resources */ = {isa = PBXBuildFile; fileRef = 2256E8BE2BC30CDF0083FFC3 /* Assets.xcassets */; };
		2256E8C22BC30CDF0083FFC3 /* Base in Resources */ = {isa = PBXBuildFile; fileRef = 2256E8C12BC30CDF0083FFC3 /* Base */; };
		2256E8C42BC30CDF0083FFC3 /* main.m in Sources */ = {isa = PBXBuildFile; fileRef = 2256E8C32BC30CDF0083FFC3 /* main.m */; };
		2256E8CC2BC3919F0083FFC3 /* Info.plist in Resources */ = {isa = PBXBuildFile; fileRef = 2256E8CB2BC3919F0083FFC3 /* Info.plist */; };
		6B19BB082BC3C002003B3C20 /* GoogleService-Info.plist in Resources */ = {isa = PBXBuildFile; fileRef = 6B19BB072BC3C002003B3C20 /* GoogleService-Info.plist */; };
		6B19BB0A2BC3CD95003B3C20 /* NewFlashThoughtWindowController.xib in Resources */ = {isa = PBXBuildFile; fileRef = 6B19BB092BC3CD95003B3C20 /* NewFlashThoughtWindowController.xib */; };
		6B19BB0C2BC3CDF2003B3C20 /* NewFlashThoughtWindowController.m in Sources */ = {isa = PBXBuildFile; fileRef = 6B19BB0B2BC3CDF2003B3C20 /* NewFlashThoughtWindowController.m */; };
/* End PBXBuildFile section */

/* Begin PBXFileReference section */
		2256E8B52BC30CDE0083FFC3 /* FlashThoughtsMacOS.app */ = {isa = PBXFileReference; explicitFileType = wrapper.application; includeInIndex = 0; path = FlashThoughtsMacOS.app; sourceTree = BUILT_PRODUCTS_DIR; };
		2256E8B82BC30CDE0083FFC3 /* AppDelegate.h */ = {isa = PBXFileReference; lastKnownFileType = sourcecode.c.h; path = AppDelegate.h; sourceTree = "<group>"; };
		2256E8B92BC30CDE0083FFC3 /* AppDelegate.m */ = {isa = PBXFileReference; lastKnownFileType = sourcecode.c.objc; path = AppDelegate.m; sourceTree = "<group>"; };
		2256E8BE2BC30CDF0083FFC3 /* Assets.xcassets */ = {isa = PBXFileReference; lastKnownFileType = folder.assetcatalog; path = Assets.xcassets; sourceTree = "<group>"; };
		2256E8C12BC30CDF0083FFC3 /* Base */ = {isa = PBXFileReference; lastKnownFileType = file.storyboard; name = Base; path = Base.lproj/Main.storyboard; sourceTree = "<group>"; };
		2256E8C32BC30CDF0083FFC3 /* main.m */ = {isa = PBXFileReference; lastKnownFileType = sourcecode.c.objc; path = main.m; sourceTree = "<group>"; };
		2256E8C52BC30CDF0083FFC3 /* FlashThoughtsMacOS.entitlements */ = {isa = PBXFileReference; lastKnownFileType = text.plist.entitlements; path = FlashThoughtsMacOS.entitlements; sourceTree = "<group>"; };
		2256E8CB2BC3919F0083FFC3 /* Info.plist */ = {isa = PBXFileReference; fileEncoding = 4; lastKnownFileType = text.plist.xml; path = Info.plist; sourceTree = "<group>"; };
		6B19BB072BC3C002003B3C20 /* GoogleService-Info.plist */ = {isa = PBXFileReference; fileEncoding = 4; lastKnownFileType = text.plist.xml; name = "GoogleService-Info.plist"; path = "../../../../Downloads/GoogleService-Info.plist"; sourceTree = "<group>"; };
		6B19BB092BC3CD95003B3C20 /* NewFlashThoughtWindowController.xib */ = {isa = PBXFileReference; lastKnownFileType = file.xib; path = NewFlashThoughtWindowController.xib; sourceTree = "<group>"; };
		6B19BB0B2BC3CDF2003B3C20 /* NewFlashThoughtWindowController.m */ = {isa = PBXFileReference; lastKnownFileType = sourcecode.c.objc; path = NewFlashThoughtWindowController.m; sourceTree = "<group>"; };
		6B19BB0D2BC3CDFE003B3C20 /* NewFlashThoughtWindowController.h */ = {isa = PBXFileReference; lastKnownFileType = sourcecode.c.h; path = NewFlashThoughtWindowController.h; sourceTree = "<group>"; };
		7E872B339CF8E687FBCB5678 /* Pods-FlashThoughtsMacOS.debug.xcconfig */ = {isa = PBXFileReference; includeInIndex = 1; lastKnownFileType = text.xcconfig; name = "Pods-FlashThoughtsMacOS.debug.xcconfig"; path = "Target Support Files/Pods-FlashThoughtsMacOS/Pods-FlashThoughtsMacOS.debug.xcconfig"; sourceTree = "<group>"; };
		A2D9B309B45DE8BDC2EBE7C7 /* Pods-FlashThoughtsMacOS.release.xcconfig */ = {isa = PBXFileReference; includeInIndex = 1; lastKnownFileType = text.xcconfig; name = "Pods-FlashThoughtsMacOS.release.xcconfig"; path = "Target Support Files/Pods-FlashThoughtsMacOS/Pods-FlashThoughtsMacOS.release.xcconfig"; sourceTree = "<group>"; };
		E969C44F33D76FF2A7E3B803 /* libPods-FlashThoughtsMacOS.a */ = {isa = PBXFileReference; explicitFileType = archive.ar; includeInIndex = 0; path = "libPods-FlashThoughtsMacOS.a"; sourceTree = BUILT_PRODUCTS_DIR; };
/* End PBXFileReference section */

/* Begin PBXFrameworksBuildPhase section */
		2256E8B22BC30CDE0083FFC3 /* Frameworks */ = {
			isa = PBXFrameworksBuildPhase;
			buildActionMask = 2147483647;
			files = (
				19FAAE9E70231BF0944BE8D5 /* libPods-FlashThoughtsMacOS.a in Frameworks */,
			);
			runOnlyForDeploymentPostprocessing = 0;
		};
/* End PBXFrameworksBuildPhase section */

/* Begin PBXGroup section */
		00E4121152B0400EDB4D367C /* Pods */ = {
			isa = PBXGroup;
			children = (
				7E872B339CF8E687FBCB5678 /* Pods-FlashThoughtsMacOS.debug.xcconfig */,
				A2D9B309B45DE8BDC2EBE7C7 /* Pods-FlashThoughtsMacOS.release.xcconfig */,
			);
			path = Pods;
			sourceTree = "<group>";
		};
		2256E8AC2BC30CDE0083FFC3 = {
			isa = PBXGroup;
			children = (
				2256E8B72BC30CDE0083FFC3 /* FlashThoughtsMacOS */,
				2256E8B62BC30CDE0083FFC3 /* Products */,
				00E4121152B0400EDB4D367C /* Pods */,
				4FB97D229467933AD1DCB1AA /* Frameworks */,
			);
			sourceTree = "<group>";
		};
		2256E8B62BC30CDE0083FFC3 /* Products */ = {
			isa = PBXGroup;
			children = (
				2256E8B52BC30CDE0083FFC3 /* FlashThoughtsMacOS.app */,
			);
			name = Products;
			sourceTree = "<group>";
		};
		2256E8B72BC30CDE0083FFC3 /* FlashThoughtsMacOS */ = {
			isa = PBXGroup;
			children = (
				2256E8CB2BC3919F0083FFC3 /* Info.plist */,
				6B19BB072BC3C002003B3C20 /* GoogleService-Info.plist */,
				2256E8B82BC30CDE0083FFC3 /* AppDelegate.h */,
				2256E8B92BC30CDE0083FFC3 /* AppDelegate.m */,
				2256E8BE2BC30CDF0083FFC3 /* Assets.xcassets */,
				2256E8C02BC30CDF0083FFC3 /* Main.storyboard */,
				2256E8C32BC30CDF0083FFC3 /* main.m */,
				2256E8C52BC30CDF0083FFC3 /* FlashThoughtsMacOS.entitlements */,
				6B19BB092BC3CD95003B3C20 /* NewFlashThoughtWindowController.xib */,
				6B19BB0B2BC3CDF2003B3C20 /* NewFlashThoughtWindowController.m */,
				6B19BB0D2BC3CDFE003B3C20 /* NewFlashThoughtWindowController.h */,
			);
			path = FlashThoughtsMacOS;
			sourceTree = "<group>";
		};
		4FB97D229467933AD1DCB1AA /* Frameworks */ = {
			isa = PBXGroup;
			children = (
				E969C44F33D76FF2A7E3B803 /* libPods-FlashThoughtsMacOS.a */,
			);
			name = Frameworks;
			sourceTree = "<group>";
		};
/* End PBXGroup section */

/* Begin PBXNativeTarget section */
		2256E8B42BC30CDE0083FFC3 /* FlashThoughtsMacOS */ = {
			isa = PBXNativeTarget;
			buildConfigurationList = 2256E8C82BC30CDF0083FFC3 /* Build configuration list for PBXNativeTarget "FlashThoughtsMacOS" */;
			buildPhases = (
				64421ED70F1859799CD623E2 /* [CP] Check Pods Manifest.lock */,
				2256E8B12BC30CDE0083FFC3 /* Sources */,
				2256E8B22BC30CDE0083FFC3 /* Frameworks */,
				2256E8B32BC30CDE0083FFC3 /* Resources */,
				FD4E4376EC2BB7727E54963D /* [CP] Copy Pods Resources */,
			);
			buildRules = (
			);
			dependencies = (
			);
			name = FlashThoughtsMacOS;
			productName = FlashThoughtsMacOS;
			productReference = 2256E8B52BC30CDE0083FFC3 /* FlashThoughtsMacOS.app */;
			productType = "com.apple.product-type.application";
		};
/* End PBXNativeTarget section */

/* Begin PBXProject section */
		2256E8AD2BC30CDE0083FFC3 /* Project object */ = {
			isa = PBXProject;
			attributes = {
				BuildIndependentTargetsInParallel = 1;
				LastUpgradeCheck = 1530;
				TargetAttributes = {
					2256E8B42BC30CDE0083FFC3 = {
						CreatedOnToolsVersion = 15.3;
					};
				};
			};
			buildConfigurationList = 2256E8B02BC30CDE0083FFC3 /* Build configuration list for PBXProject "FlashThoughtsMacOS" */;
			compatibilityVersion = "Xcode 14.0";
			developmentRegion = en;
			hasScannedForEncodings = 0;
			knownRegions = (
				en,
				Base,
			);
			mainGroup = 2256E8AC2BC30CDE0083FFC3;
			productRefGroup = 2256E8B62BC30CDE0083FFC3 /* Products */;
			projectDirPath = "";
			projectRoot = "";
			targets = (
				2256E8B42BC30CDE0083FFC3 /* FlashThoughtsMacOS */,
			);
		};
/* End PBXProject section */

/* Begin PBXResourcesBuildPhase section */
		2256E8B32BC30CDE0083FFC3 /* Resources */ = {
			isa = PBXResourcesBuildPhase;
			buildActionMask = 2147483647;
			files = (
				2256E8BF2BC30CDF0083FFC3 /* Assets.xcassets in Resources */,
				6B19BB082BC3C002003B3C20 /* GoogleService-Info.plist in Resources */,
				6B19BB0A2BC3CD95003B3C20 /* NewFlashThoughtWindowController.xib in Resources */,
				2256E8C22BC30CDF0083FFC3 /* Base in Resources */,
				2256E8CC2BC3919F0083FFC3 /* Info.plist in Resources */,
			);
			runOnlyForDeploymentPostprocessing = 0;
		};
/* End PBXResourcesBuildPhase section */

/* Begin PBXShellScriptBuildPhase section */
		64421ED70F1859799CD623E2 /* [CP] Check Pods Manifest.lock */ = {
			isa = PBXShellScriptBuildPhase;
			buildActionMask = 2147483647;
			files = (
			);
			inputFileListPaths = (
			);
			inputPaths = (
				"${PODS_PODFILE_DIR_PATH}/Podfile.lock",
				"${PODS_ROOT}/Manifest.lock",
			);
			name = "[CP] Check Pods Manifest.lock";
			outputFileListPaths = (
			);
			outputPaths = (
				"$(DERIVED_FILE_DIR)/Pods-FlashThoughtsMacOS-checkManifestLockResult.txt",
			);
			runOnlyForDeploymentPostprocessing = 0;
			shellPath = /bin/sh;
			shellScript = "diff \"${PODS_PODFILE_DIR_PATH}/Podfile.lock\" \"${PODS_ROOT}/Manifest.lock\" > /dev/null\nif [ $? != 0 ] ; then\n    # print error to STDERR\n    echo \"error: The sandbox is not in sync with the Podfile.lock. Run 'pod install' or update your CocoaPods installation.\" >&2\n    exit 1\nfi\n# This output is used by Xcode 'outputs' to avoid re-running this script phase.\necho \"SUCCESS\" > \"${SCRIPT_OUTPUT_FILE_0}\"\n";
			showEnvVarsInLog = 0;
		};
		FD4E4376EC2BB7727E54963D /* [CP] Copy Pods Resources */ = {
			isa = PBXShellScriptBuildPhase;
			buildActionMask = 2147483647;
			files = (
			);
			inputFileListPaths = (
				"${PODS_ROOT}/Target Support Files/Pods-FlashThoughtsMacOS/Pods-FlashThoughtsMacOS-resources-${CONFIGURATION}-input-files.xcfilelist",
			);
			name = "[CP] Copy Pods Resources";
			outputFileListPaths = (
				"${PODS_ROOT}/Target Support Files/Pods-FlashThoughtsMacOS/Pods-FlashThoughtsMacOS-resources-${CONFIGURATION}-output-files.xcfilelist",
			);
			runOnlyForDeploymentPostprocessing = 0;
			shellPath = /bin/sh;
			shellScript = "\"${PODS_ROOT}/Target Support Files/Pods-FlashThoughtsMacOS/Pods-FlashThoughtsMacOS-resources.sh\"\n";
			showEnvVarsInLog = 0;
		};
/* End PBXShellScriptBuildPhase section */

/* Begin PBXSourcesBuildPhase section */
		2256E8B12BC30CDE0083FFC3 /* Sources */ = {
			isa = PBXSourcesBuildPhase;
			buildActionMask = 2147483647;
			files = (
				6B19BB0C2BC3CDF2003B3C20 /* NewFlashThoughtWindowController.m in Sources */,
				2256E8C42BC30CDF0083FFC3 /* main.m in Sources */,
				2256E8BA2BC30CDE0083FFC3 /* AppDelegate.m in Sources */,
			);
			runOnlyForDeploymentPostprocessing = 0;
		};
/* End PBXSourcesBuildPhase section */

/* Begin PBXVariantGroup section */
		2256E8C02BC30CDF0083FFC3 /* Main.storyboard */ = {
			isa = PBXVariantGroup;
			children = (
				2256E8C12BC30CDF0083FFC3 /* Base */,
			);
			name = Main.storyboard;
			sourceTree = "<group>";
		};
/* End PBXVariantGroup section */

/* Begin XCBuildConfiguration section */
		2256E8C62BC30CDF0083FFC3 /* Debug */ = {
			isa = XCBuildConfiguration;
			buildSettings = {
				ALWAYS_SEARCH_USER_PATHS = NO;
				ASSETCATALOG_COMPILER_GENERATE_SWIFT_ASSET_SYMBOL_EXTENSIONS = YES;
				CLANG_ANALYZER_NONNULL = YES;
				CLANG_ANALYZER_NUMBER_OBJECT_CONVERSION = YES_AGGRESSIVE;
				CLANG_CXX_LANGUAGE_STANDARD = "gnu++20";
				CLANG_ENABLE_MODULES = YES;
				CLANG_ENABLE_OBJC_ARC = YES;
				CLANG_ENABLE_OBJC_WEAK = YES;
				CLANG_WARN_BLOCK_CAPTURE_AUTORELEASING = YES;
				CLANG_WARN_BOOL_CONVERSION = YES;
				CLANG_WARN_COMMA = YES;
				CLANG_WARN_CONSTANT_CONVERSION = YES;
				CLANG_WARN_DEPRECATED_OBJC_IMPLEMENTATIONS = YES;
				CLANG_WARN_DIRECT_OBJC_ISA_USAGE = YES_ERROR;
				CLANG_WARN_DOCUMENTATION_COMMENTS = YES;
				CLANG_WARN_EMPTY_BODY = YES;
				CLANG_WARN_ENUM_CONVERSION = YES;
				CLANG_WARN_INFINITE_RECURSION = YES;
				CLANG_WARN_INT_CONVERSION = YES;
				CLANG_WARN_NON_LITERAL_NULL_CONVERSION = YES;
				CLANG_WARN_OBJC_IMPLICIT_RETAIN_SELF = YES;
				CLANG_WARN_OBJC_LITERAL_CONVERSION = YES;
				CLANG_WARN_OBJC_ROOT_CLASS = YES_ERROR;
				CLANG_WARN_QUOTED_INCLUDE_IN_FRAMEWORK_HEADER = YES;
				CLANG_WARN_RANGE_LOOP_ANALYSIS = YES;
				CLANG_WARN_STRICT_PROTOTYPES = YES;
				CLANG_WARN_SUSPICIOUS_MOVE = YES;
				CLANG_WARN_UNGUARDED_AVAILABILITY = YES_AGGRESSIVE;
				CLANG_WARN_UNREACHABLE_CODE = YES;
				CLANG_WARN__DUPLICATE_METHOD_MATCH = YES;
				COPY_PHASE_STRIP = NO;
				DEBUG_INFORMATION_FORMAT = dwarf;
				ENABLE_STRICT_OBJC_MSGSEND = YES;
				ENABLE_TESTABILITY = YES;
				ENABLE_USER_SCRIPT_SANDBOXING = YES;
				GCC_C_LANGUAGE_STANDARD = gnu17;
				GCC_DYNAMIC_NO_PIC = NO;
				GCC_NO_COMMON_BLOCKS = YES;
				GCC_OPTIMIZATION_LEVEL = 0;
				GCC_PREPROCESSOR_DEFINITIONS = (
					"DEBUG=1",
					"$(inherited)",
				);
				GCC_WARN_64_TO_32_BIT_CONVERSION = YES;
				GCC_WARN_ABOUT_RETURN_TYPE = YES_ERROR;
				GCC_WARN_UNDECLARED_SELECTOR = YES;
				GCC_WARN_UNINITIALIZED_AUTOS = YES_AGGRESSIVE;
				GCC_WARN_UNUSED_FUNCTION = YES;
				GCC_WARN_UNUSED_VARIABLE = YES;
				LOCALIZATION_PREFERS_STRING_CATALOGS = YES;
				MACOSX_DEPLOYMENT_TARGET = 14.3;
				MTL_ENABLE_DEBUG_INFO = INCLUDE_SOURCE;
				MTL_FAST_MATH = YES;
				ONLY_ACTIVE_ARCH = YES;
				SDKROOT = macosx;
			};
			name = Debug;
		};
		2256E8C72BC30CDF0083FFC3 /* Release */ = {
			isa = XCBuildConfiguration;
			buildSettings = {
				ALWAYS_SEARCH_USER_PATHS = NO;
				ASSETCATALOG_COMPILER_GENERATE_SWIFT_ASSET_SYMBOL_EXTENSIONS = YES;
				CLANG_ANALYZER_NONNULL = YES;
				CLANG_ANALYZER_NUMBER_OBJECT_CONVERSION = YES_AGGRESSIVE;
				CLANG_CXX_LANGUAGE_STANDARD = "gnu++20";
				CLANG_ENABLE_MODULES = YES;
				CLANG_ENABLE_OBJC_ARC = YES;
				CLANG_ENABLE_OBJC_WEAK = YES;
				CLANG_WARN_BLOCK_CAPTURE_AUTORELEASING = YES;
				CLANG_WARN_BOOL_CONVERSION = YES;
				CLANG_WARN_COMMA = YES;
				CLANG_WARN_CONSTANT_CONVERSION = YES;
				CLANG_WARN_DEPRECATED_OBJC_IMPLEMENTATIONS = YES;
				CLANG_WARN_DIRECT_OBJC_ISA_USAGE = YES_ERROR;
				CLANG_WARN_DOCUMENTATION_COMMENTS = YES;
				CLANG_WARN_EMPTY_BODY = YES;
				CLANG_WARN_ENUM_CONVERSION = YES;
				CLANG_WARN_INFINITE_RECURSION = YES;
				CLANG_WARN_INT_CONVERSION = YES;
				CLANG_WARN_NON_LITERAL_NULL_CONVERSION = YES;
				CLANG_WARN_OBJC_IMPLICIT_RETAIN_SELF = YES;
				CLANG_WARN_OBJC_LITERAL_CONVERSION = YES;
				CLANG_WARN_OBJC_ROOT_CLASS = YES_ERROR;
				CLANG_WARN_QUOTED_INCLUDE_IN_FRAMEWORK_HEADER = YES;
				CLANG_WARN_RANGE_LOOP_ANALYSIS = YES;
				CLANG_WARN_STRICT_PROTOTYPES = YES;
				CLANG_WARN_SUSPICIOUS_MOVE = YES;
				CLANG_WARN_UNGUARDED_AVAILABILITY = YES_AGGRESSIVE;
				CLANG_WARN_UNREACHABLE_CODE = YES;
				CLANG_WARN__DUPLICATE_METHOD_MATCH = YES;
				COPY_PHASE_STRIP = NO;
				DEBUG_INFORMATION_FORMAT = "dwarf-with-dsym";
				ENABLE_NS_ASSERTIONS = NO;
				ENABLE_STRICT_OBJC_MSGSEND = YES;
				ENABLE_USER_SCRIPT_SANDBOXING = YES;
				GCC_C_LANGUAGE_STANDARD = gnu17;
				GCC_NO_COMMON_BLOCKS = YES;
				GCC_WARN_64_TO_32_BIT_CONVERSION = YES;
				GCC_WARN_ABOUT_RETURN_TYPE = YES_ERROR;
				GCC_WARN_UNDECLARED_SELECTOR = YES;
				GCC_WARN_UNINITIALIZED_AUTOS = YES_AGGRESSIVE;
				GCC_WARN_UNUSED_FUNCTION = YES;
				GCC_WARN_UNUSED_VARIABLE = YES;
				LOCALIZATION_PREFERS_STRING_CATALOGS = YES;
				MACOSX_DEPLOYMENT_TARGET = 14.3;
				MTL_ENABLE_DEBUG_INFO = NO;
				MTL_FAST_MATH = YES;
				SDKROOT = macosx;
			};
			name = Release;
		};
		2256E8C92BC30CDF0083FFC3 /* Debug */ = {
			isa = XCBuildConfiguration;
			baseConfigurationReference = 7E872B339CF8E687FBCB5678 /* Pods-FlashThoughtsMacOS.debug.xcconfig */;
			buildSettings = {
				ASSETCATALOG_COMPILER_APPICON_NAME = AppIcon;
				ASSETCATALOG_COMPILER_GLOBAL_ACCENT_COLOR_NAME = AccentColor;
				CODE_SIGN_ENTITLEMENTS = FlashThoughtsMacOS/FlashThoughtsMacOS.entitlements;
				CODE_SIGN_STYLE = Automatic;
				COMBINE_HIDPI_IMAGES = YES;
				CURRENT_PROJECT_VERSION = 1;
				DEVELOPMENT_TEAM = F3UT7A6X54;
				ENABLE_HARDENED_RUNTIME = YES;
				ENABLE_USER_SCRIPT_SANDBOXING = NO;
				GENERATE_INFOPLIST_FILE = YES;
				INFOPLIST_FILE = FlashThoughtsMacOS/Info.plist;
				INFOPLIST_KEY_NSHumanReadableCopyright = "";
				INFOPLIST_KEY_NSMainStoryboardFile = Main;
				INFOPLIST_KEY_NSPrincipalClass = NSApplication;
				LD_RUNPATH_SEARCH_PATHS = (
					"$(inherited)",
					"@executable_path/../Frameworks",
				);
				MARKETING_VERSION = 1.0;
				PRODUCT_BUNDLE_IDENTIFIER = tim.FlashThoughtsMacOS;
				PRODUCT_NAME = "$(TARGET_NAME)";
				SWIFT_EMIT_LOC_STRINGS = YES;
			};
			name = Debug;
		};
		2256E8CA2BC30CDF0083FFC3 /* Release */ = {
			isa = XCBuildConfiguration;
			baseConfigurationReference = A2D9B309B45DE8BDC2EBE7C7 /* Pods-FlashThoughtsMacOS.release.xcconfig */;
			buildSettings = {
				ASSETCATALOG_COMPILER_APPICON_NAME = AppIcon;
				ASSETCATALOG_COMPILER_GLOBAL_ACCENT_COLOR_NAME = AccentColor;
				CODE_SIGN_ENTITLEMENTS = FlashThoughtsMacOS/FlashThoughtsMacOS.entitlements;
				CODE_SIGN_STYLE = Automatic;
				COMBINE_HIDPI_IMAGES = YES;
				CURRENT_PROJECT_VERSION = 1;
				DEVELOPMENT_TEAM = F3UT7A6X54;
				ENABLE_HARDENED_RUNTIME = YES;
				ENABLE_USER_SCRIPT_SANDBOXING = NO;
				GENERATE_INFOPLIST_FILE = YES;
				INFOPLIST_FILE = FlashThoughtsMacOS/Info.plist;
				INFOPLIST_KEY_NSHumanReadableCopyright = "";
				INFOPLIST_KEY_NSMainStoryboardFile = Main;
				INFOPLIST_KEY_NSPrincipalClass = NSApplication;
				LD_RUNPATH_SEARCH_PATHS = (
					"$(inherited)",
					"@executable_path/../Frameworks",
				);
				MARKETING_VERSION = 1.0;
				PRODUCT_BUNDLE_IDENTIFIER = tim.FlashThoughtsMacOS;
				PRODUCT_NAME = "$(TARGET_NAME)";
				SWIFT_EMIT_LOC_STRINGS = YES;
			};
			name = Release;
		};
/* End XCBuildConfiguration section */

/* Begin XCConfigurationList section */
		2256E8B02BC30CDE0083FFC3 /* Build configuration list for PBXProject "FlashThoughtsMacOS" */ = {
			isa = XCConfigurationList;
			buildConfigurations = (
				2256E8C62BC30CDF0083FFC3 /* Debug */,
				2256E8C72BC30CDF0083FFC3 /* Release */,
			);
			defaultConfigurationIsVisible = 0;
			defaultConfigurationName = Release;
		};
		2256E8C82BC30CDF0083FFC3 /* Build configuration list for PBXNativeTarget "FlashThoughtsMacOS" */ = {
			isa = XCConfigurationList;
			buildConfigurations = (
				2256E8C92BC30CDF0083FFC3 /* Debug */,
				2256E8CA2BC30CDF0083FFC3 /* Release */,
			);
			defaultConfigurationIsVisible = 0;
			defaultConfigurationName = Release;
		};
/* End XCConfigurationList section */
	};
	rootObject = 2256E8AD2BC30CDE0083FFC3 /* Project object */;
}
