// !$*UTF8*$!
{
	archiveVersion = 1;
	classes = {
	};
	objectVersion = 56;
	objects = {

/* Begin PBXBuildFile section */
		225A4BF42BB2FF6800A5304A /* AppDelegate.m in Sources */ = {isa = PBXBuildFile; fileRef = 225A4BF32BB2FF6800A5304A /* AppDelegate.m */; };
		225A4BF72BB2FF6800A5304A /* SceneDelegate.m in Sources */ = {isa = PBXBuildFile; fileRef = 225A4BF62BB2FF6800A5304A /* SceneDelegate.m */; };
		225A4BFA2BB2FF6800A5304A /* FlashThoughtsViewController.m in Sources */ = {isa = PBXBuildFile; fileRef = 225A4BF92BB2FF6800A5304A /* FlashThoughtsViewController.m */; };
		225A4BFD2BB2FF6800A5304A /* Base in Resources */ = {isa = PBXBuildFile; fileRef = 225A4BFC2BB2FF6800A5304A /* Base */; };
		225A4BFF2BB2FF6900A5304A /* Assets.xcassets in Resources */ = {isa = PBXBuildFile; fileRef = 225A4BFE2BB2FF6900A5304A /* Assets.xcassets */; };
		225A4C022BB2FF6900A5304A /* Base in Resources */ = {isa = PBXBuildFile; fileRef = 225A4C012BB2FF6900A5304A /* Base */; };
		225A4C052BB2FF6900A5304A /* main.m in Sources */ = {isa = PBXBuildFile; fileRef = 225A4C042BB2FF6900A5304A /* main.m */; };
		225A4C0C2BB3E16D00A5304A /* RoundedButtonWithShadow.m in Sources */ = {isa = PBXBuildFile; fileRef = 225A4C0B2BB3E16D00A5304A /* RoundedButtonWithShadow.m */; };
		225A4C122BB4102C00A5304A /* NewFlashThoughtViewController.m in Sources */ = {isa = PBXBuildFile; fileRef = 225A4C112BB4102C00A5304A /* NewFlashThoughtViewController.m */; };
		225A4C152BB411F200A5304A /* NewFlashThoughtsViewController.storyboard in Resources */ = {isa = PBXBuildFile; fileRef = 225A4C142BB411F200A5304A /* NewFlashThoughtsViewController.storyboard */; };
		225A4C172BB443D300A5304A /* FlashThoughtManager.m in Sources */ = {isa = PBXBuildFile; fileRef = 225A4C162BB443D300A5304A /* FlashThoughtManager.m */; };
		225A4C1B2BB460C200A5304A /* LocalAuthentication.framework in Frameworks */ = {isa = PBXBuildFile; fileRef = 225A4C1A2BB460C200A5304A /* LocalAuthentication.framework */; };
		225A4C1E2BB47EE100A5304A /* FlashThoughtCell.m in Sources */ = {isa = PBXBuildFile; fileRef = 225A4C1D2BB47EE100A5304A /* FlashThoughtCell.m */; };
		225A4C222BB47F2600A5304A /* FlashThoughtCell.xib in Resources */ = {isa = PBXBuildFile; fileRef = 225A4C212BB47F2600A5304A /* FlashThoughtCell.xib */; };
		225A4C242BB4963500A5304A /* GPTVisitor.m in Sources */ = {isa = PBXBuildFile; fileRef = 225A4C232BB4963500A5304A /* GPTVisitor.m */; };
		225A4C282BB511BE00A5304A /* ReminderManager.m in Sources */ = {isa = PBXBuildFile; fileRef = 225A4C272BB511BE00A5304A /* ReminderManager.m */; };
		229B4FDF2BB5AD8B009DDAA6 /* NewFlashAudioThoughtViewController.storyboard in Resources */ = {isa = PBXBuildFile; fileRef = 229B4FDE2BB5AD8B009DDAA6 /* NewFlashAudioThoughtViewController.storyboard */; };
		229B4FE12BB5ADA8009DDAA6 /* NewFlashAudioThoughtViewController.m in Sources */ = {isa = PBXBuildFile; fileRef = 229B4FE02BB5ADA8009DDAA6 /* NewFlashAudioThoughtViewController.m */; };
/* End PBXBuildFile section */

/* Begin PBXFileReference section */
		225A4BEF2BB2FF6800A5304A /* FlashThoughts.app */ = {isa = PBXFileReference; explicitFileType = wrapper.application; includeInIndex = 0; path = FlashThoughts.app; sourceTree = BUILT_PRODUCTS_DIR; };
		225A4BF22BB2FF6800A5304A /* AppDelegate.h */ = {isa = PBXFileReference; lastKnownFileType = sourcecode.c.h; path = AppDelegate.h; sourceTree = "<group>"; };
		225A4BF32BB2FF6800A5304A /* AppDelegate.m */ = {isa = PBXFileReference; lastKnownFileType = sourcecode.c.objc; path = AppDelegate.m; sourceTree = "<group>"; };
		225A4BF52BB2FF6800A5304A /* SceneDelegate.h */ = {isa = PBXFileReference; lastKnownFileType = sourcecode.c.h; path = SceneDelegate.h; sourceTree = "<group>"; };
		225A4BF62BB2FF6800A5304A /* SceneDelegate.m */ = {isa = PBXFileReference; lastKnownFileType = sourcecode.c.objc; path = SceneDelegate.m; sourceTree = "<group>"; };
		225A4BF82BB2FF6800A5304A /* FlashThoughtsViewController.h */ = {isa = PBXFileReference; lastKnownFileType = sourcecode.c.h; path = FlashThoughtsViewController.h; sourceTree = "<group>"; };
		225A4BF92BB2FF6800A5304A /* FlashThoughtsViewController.m */ = {isa = PBXFileReference; lastKnownFileType = sourcecode.c.objc; path = FlashThoughtsViewController.m; sourceTree = "<group>"; };
		225A4BFC2BB2FF6800A5304A /* Base */ = {isa = PBXFileReference; lastKnownFileType = file.storyboard; name = Base; path = Base.lproj/Main.storyboard; sourceTree = "<group>"; };
		225A4BFE2BB2FF6900A5304A /* Assets.xcassets */ = {isa = PBXFileReference; lastKnownFileType = folder.assetcatalog; path = Assets.xcassets; sourceTree = "<group>"; };
		225A4C012BB2FF6900A5304A /* Base */ = {isa = PBXFileReference; lastKnownFileType = file.storyboard; name = Base; path = Base.lproj/LaunchScreen.storyboard; sourceTree = "<group>"; };
		225A4C032BB2FF6900A5304A /* Info.plist */ = {isa = PBXFileReference; lastKnownFileType = text.plist.xml; path = Info.plist; sourceTree = "<group>"; };
		225A4C042BB2FF6900A5304A /* main.m */ = {isa = PBXFileReference; lastKnownFileType = sourcecode.c.objc; path = main.m; sourceTree = "<group>"; };
		225A4C0B2BB3E16D00A5304A /* RoundedButtonWithShadow.m */ = {isa = PBXFileReference; lastKnownFileType = sourcecode.c.objc; path = RoundedButtonWithShadow.m; sourceTree = "<group>"; };
		225A4C112BB4102C00A5304A /* NewFlashThoughtViewController.m */ = {isa = PBXFileReference; lastKnownFileType = sourcecode.c.objc; path = NewFlashThoughtViewController.m; sourceTree = "<group>"; };
		225A4C132BB4109500A5304A /* NewFlashThoughtsViewController.h */ = {isa = PBXFileReference; lastKnownFileType = sourcecode.c.h; path = NewFlashThoughtsViewController.h; sourceTree = "<group>"; };
		225A4C142BB411F200A5304A /* NewFlashThoughtsViewController.storyboard */ = {isa = PBXFileReference; lastKnownFileType = file.storyboard; path = NewFlashThoughtsViewController.storyboard; sourceTree = "<group>"; };
		225A4C162BB443D300A5304A /* FlashThoughtManager.m */ = {isa = PBXFileReference; lastKnownFileType = sourcecode.c.objc; path = FlashThoughtManager.m; sourceTree = "<group>"; };
		225A4C182BB443DC00A5304A /* FlashThoughtManager.h */ = {isa = PBXFileReference; lastKnownFileType = sourcecode.c.h; path = FlashThoughtManager.h; sourceTree = "<group>"; };
		225A4C1A2BB460C200A5304A /* LocalAuthentication.framework */ = {isa = PBXFileReference; lastKnownFileType = wrapper.framework; name = LocalAuthentication.framework; path = System/Library/Frameworks/LocalAuthentication.framework; sourceTree = SDKROOT; };
		225A4C1C2BB47ED500A5304A /* FlashThoughtCell.h */ = {isa = PBXFileReference; lastKnownFileType = sourcecode.c.h; path = FlashThoughtCell.h; sourceTree = "<group>"; };
		225A4C1D2BB47EE100A5304A /* FlashThoughtCell.m */ = {isa = PBXFileReference; lastKnownFileType = sourcecode.c.objc; path = FlashThoughtCell.m; sourceTree = "<group>"; };
		225A4C212BB47F2600A5304A /* FlashThoughtCell.xib */ = {isa = PBXFileReference; lastKnownFileType = file.xib; path = FlashThoughtCell.xib; sourceTree = "<group>"; };
		225A4C232BB4963500A5304A /* GPTVisitor.m */ = {isa = PBXFileReference; lastKnownFileType = sourcecode.c.objc; path = GPTVisitor.m; sourceTree = "<group>"; };
		225A4C252BB4964300A5304A /* GPTVisitor.h */ = {isa = PBXFileReference; lastKnownFileType = sourcecode.c.h; path = GPTVisitor.h; sourceTree = "<group>"; };
		225A4C262BB511AD00A5304A /* ReminderManager.h */ = {isa = PBXFileReference; lastKnownFileType = sourcecode.c.h; path = ReminderManager.h; sourceTree = "<group>"; };
		225A4C272BB511BE00A5304A /* ReminderManager.m */ = {isa = PBXFileReference; lastKnownFileType = sourcecode.c.objc; path = ReminderManager.m; sourceTree = "<group>"; };
		229B4FDE2BB5AD8B009DDAA6 /* NewFlashAudioThoughtViewController.storyboard */ = {isa = PBXFileReference; lastKnownFileType = file.storyboard; path = NewFlashAudioThoughtViewController.storyboard; sourceTree = "<group>"; };
		229B4FE02BB5ADA8009DDAA6 /* NewFlashAudioThoughtViewController.m */ = {isa = PBXFileReference; lastKnownFileType = sourcecode.c.objc; path = NewFlashAudioThoughtViewController.m; sourceTree = "<group>"; };
		229B4FE22BB5ADB5009DDAA6 /* NewFlashAudioThoughtViewController.h */ = {isa = PBXFileReference; lastKnownFileType = sourcecode.c.h; path = NewFlashAudioThoughtViewController.h; sourceTree = "<group>"; };
/* End PBXFileReference section */

/* Begin PBXFrameworksBuildPhase section */
		225A4BEC2BB2FF6800A5304A /* Frameworks */ = {
			isa = PBXFrameworksBuildPhase;
			buildActionMask = 2147483647;
			files = (
				225A4C1B2BB460C200A5304A /* LocalAuthentication.framework in Frameworks */,
			);
			runOnlyForDeploymentPostprocessing = 0;
		};
/* End PBXFrameworksBuildPhase section */

/* Begin PBXGroup section */
		225A4BE62BB2FF6800A5304A = {
			isa = PBXGroup;
			children = (
				225A4BF12BB2FF6800A5304A /* FlashThoughts */,
				225A4BF02BB2FF6800A5304A /* Products */,
				225A4C192BB460C200A5304A /* Frameworks */,
			);
			sourceTree = "<group>";
		};
		225A4BF02BB2FF6800A5304A /* Products */ = {
			isa = PBXGroup;
			children = (
				225A4BEF2BB2FF6800A5304A /* FlashThoughts.app */,
			);
			name = Products;
			sourceTree = "<group>";
		};
		225A4BF12BB2FF6800A5304A /* FlashThoughts */ = {
			isa = PBXGroup;
			children = (
				225A4BF22BB2FF6800A5304A /* AppDelegate.h */,
				225A4BF32BB2FF6800A5304A /* AppDelegate.m */,
				225A4BF52BB2FF6800A5304A /* SceneDelegate.h */,
				225A4BF62BB2FF6800A5304A /* SceneDelegate.m */,
				225A4BF82BB2FF6800A5304A /* FlashThoughtsViewController.h */,
				225A4BF92BB2FF6800A5304A /* FlashThoughtsViewController.m */,
				225A4C162BB443D300A5304A /* FlashThoughtManager.m */,
				225A4C182BB443DC00A5304A /* FlashThoughtManager.h */,
				225A4C112BB4102C00A5304A /* NewFlashThoughtViewController.m */,
				225A4C132BB4109500A5304A /* NewFlashThoughtsViewController.h */,
				225A4C0B2BB3E16D00A5304A /* RoundedButtonWithShadow.m */,
				225A4BFB2BB2FF6800A5304A /* Main.storyboard */,
				225A4C142BB411F200A5304A /* NewFlashThoughtsViewController.storyboard */,
				225A4BFE2BB2FF6900A5304A /* Assets.xcassets */,
				225A4C002BB2FF6900A5304A /* LaunchScreen.storyboard */,
				225A4C032BB2FF6900A5304A /* Info.plist */,
				225A4C042BB2FF6900A5304A /* main.m */,
				225A4C1C2BB47ED500A5304A /* FlashThoughtCell.h */,
				225A4C1D2BB47EE100A5304A /* FlashThoughtCell.m */,
				225A4C212BB47F2600A5304A /* FlashThoughtCell.xib */,
				225A4C232BB4963500A5304A /* GPTVisitor.m */,
				225A4C252BB4964300A5304A /* GPTVisitor.h */,
				225A4C262BB511AD00A5304A /* ReminderManager.h */,
				225A4C272BB511BE00A5304A /* ReminderManager.m */,
				229B4FDE2BB5AD8B009DDAA6 /* NewFlashAudioThoughtViewController.storyboard */,
				229B4FE02BB5ADA8009DDAA6 /* NewFlashAudioThoughtViewController.m */,
				229B4FE22BB5ADB5009DDAA6 /* NewFlashAudioThoughtViewController.h */,
			);
			path = FlashThoughts;
			sourceTree = "<group>";
		};
		225A4C192BB460C200A5304A /* Frameworks */ = {
			isa = PBXGroup;
			children = (
				225A4C1A2BB460C200A5304A /* LocalAuthentication.framework */,
			);
			name = Frameworks;
			sourceTree = "<group>";
		};
/* End PBXGroup section */

/* Begin PBXNativeTarget section */
		225A4BEE2BB2FF6800A5304A /* FlashThoughts */ = {
			isa = PBXNativeTarget;
			buildConfigurationList = 225A4C082BB2FF6900A5304A /* Build configuration list for PBXNativeTarget "FlashThoughts" */;
			buildPhases = (
				225A4BEB2BB2FF6800A5304A /* Sources */,
				225A4BEC2BB2FF6800A5304A /* Frameworks */,
				225A4BED2BB2FF6800A5304A /* Resources */,
			);
			buildRules = (
			);
			dependencies = (
			);
			name = FlashThoughts;
			productName = FlashThoughts;
			productReference = 225A4BEF2BB2FF6800A5304A /* FlashThoughts.app */;
			productType = "com.apple.product-type.application";
		};
/* End PBXNativeTarget section */

/* Begin PBXProject section */
		225A4BE72BB2FF6800A5304A /* Project object */ = {
			isa = PBXProject;
			attributes = {
				BuildIndependentTargetsInParallel = 1;
				LastUpgradeCheck = 1530;
				TargetAttributes = {
					225A4BEE2BB2FF6800A5304A = {
						CreatedOnToolsVersion = 15.3;
					};
				};
			};
			buildConfigurationList = 225A4BEA2BB2FF6800A5304A /* Build configuration list for PBXProject "FlashThoughts" */;
			compatibilityVersion = "Xcode 14.0";
			developmentRegion = en;
			hasScannedForEncodings = 0;
			knownRegions = (
				en,
				Base,
			);
			mainGroup = 225A4BE62BB2FF6800A5304A;
			productRefGroup = 225A4BF02BB2FF6800A5304A /* Products */;
			projectDirPath = "";
			projectRoot = "";
			targets = (
				225A4BEE2BB2FF6800A5304A /* FlashThoughts */,
			);
		};
/* End PBXProject section */

/* Begin PBXResourcesBuildPhase section */
		225A4BED2BB2FF6800A5304A /* Resources */ = {
			isa = PBXResourcesBuildPhase;
			buildActionMask = 2147483647;
			files = (
				225A4BFF2BB2FF6900A5304A /* Assets.xcassets in Resources */,
				225A4C152BB411F200A5304A /* NewFlashThoughtsViewController.storyboard in Resources */,
				229B4FDF2BB5AD8B009DDAA6 /* NewFlashAudioThoughtViewController.storyboard in Resources */,
				225A4C222BB47F2600A5304A /* FlashThoughtCell.xib in Resources */,
				225A4C022BB2FF6900A5304A /* Base in Resources */,
				225A4BFD2BB2FF6800A5304A /* Base in Resources */,
			);
			runOnlyForDeploymentPostprocessing = 0;
		};
/* End PBXResourcesBuildPhase section */

/* Begin PBXSourcesBuildPhase section */
		225A4BEB2BB2FF6800A5304A /* Sources */ = {
			isa = PBXSourcesBuildPhase;
			buildActionMask = 2147483647;
			files = (
				225A4C122BB4102C00A5304A /* NewFlashThoughtViewController.m in Sources */,
				225A4BFA2BB2FF6800A5304A /* FlashThoughtsViewController.m in Sources */,
				225A4C242BB4963500A5304A /* GPTVisitor.m in Sources */,
				225A4C0C2BB3E16D00A5304A /* RoundedButtonWithShadow.m in Sources */,
				225A4BF42BB2FF6800A5304A /* AppDelegate.m in Sources */,
				229B4FE12BB5ADA8009DDAA6 /* NewFlashAudioThoughtViewController.m in Sources */,
				225A4C282BB511BE00A5304A /* ReminderManager.m in Sources */,
				225A4C052BB2FF6900A5304A /* main.m in Sources */,
				225A4BF72BB2FF6800A5304A /* SceneDelegate.m in Sources */,
				225A4C1E2BB47EE100A5304A /* FlashThoughtCell.m in Sources */,
				225A4C172BB443D300A5304A /* FlashThoughtManager.m in Sources */,
			);
			runOnlyForDeploymentPostprocessing = 0;
		};
/* End PBXSourcesBuildPhase section */

/* Begin PBXVariantGroup section */
		225A4BFB2BB2FF6800A5304A /* Main.storyboard */ = {
			isa = PBXVariantGroup;
			children = (
				225A4BFC2BB2FF6800A5304A /* Base */,
			);
			name = Main.storyboard;
			sourceTree = "<group>";
		};
		225A4C002BB2FF6900A5304A /* LaunchScreen.storyboard */ = {
			isa = PBXVariantGroup;
			children = (
				225A4C012BB2FF6900A5304A /* Base */,
			);
			name = LaunchScreen.storyboard;
			sourceTree = "<group>";
		};
/* End PBXVariantGroup section */

/* Begin XCBuildConfiguration section */
		225A4C062BB2FF6900A5304A /* Debug */ = {
			isa = XCBuildConfiguration;
			buildSettings = {
				ALWAYS_SEARCH_USER_PATHS = NO;
				ASSETCATALOG_COMPILER_GENERATE_SWIFT_ASSET_SYMBOL_EXTENSIONS = YES;
				CLANG_ANALYZER_NONNULL = YES;
				CLANG_ANALYZER_NUMBER_OBJECT_CONVERSION = YES_AGGRESSIVE;
				CLANG_CXX_LANGUAGE_STANDARD = "gnu++20";
				CLANG_ENABLE_MODULES = YES;
				CLANG_ENABLE_OBJC_ARC = YES;
				CLANG_ENABLE_OBJC_WEAK = YES;
				CLANG_WARN_BLOCK_CAPTURE_AUTORELEASING = YES;
				CLANG_WARN_BOOL_CONVERSION = YES;
				CLANG_WARN_COMMA = YES;
				CLANG_WARN_CONSTANT_CONVERSION = YES;
				CLANG_WARN_DEPRECATED_OBJC_IMPLEMENTATIONS = YES;
				CLANG_WARN_DIRECT_OBJC_ISA_USAGE = YES_ERROR;
				CLANG_WARN_DOCUMENTATION_COMMENTS = YES;
				CLANG_WARN_EMPTY_BODY = YES;
				CLANG_WARN_ENUM_CONVERSION = YES;
				CLANG_WARN_INFINITE_RECURSION = YES;
				CLANG_WARN_INT_CONVERSION = YES;
				CLANG_WARN_NON_LITERAL_NULL_CONVERSION = YES;
				CLANG_WARN_OBJC_IMPLICIT_RETAIN_SELF = YES;
				CLANG_WARN_OBJC_LITERAL_CONVERSION = YES;
				CLANG_WARN_OBJC_ROOT_CLASS = YES_ERROR;
				CLANG_WARN_QUOTED_INCLUDE_IN_FRAMEWORK_HEADER = YES;
				CLANG_WARN_RANGE_LOOP_ANALYSIS = YES;
				CLANG_WARN_STRICT_PROTOTYPES = YES;
				CLANG_WARN_SUSPICIOUS_MOVE = YES;
				CLANG_WARN_UNGUARDED_AVAILABILITY = YES_AGGRESSIVE;
				CLANG_WARN_UNREACHABLE_CODE = YES;
				CLANG_WARN__DUPLICATE_METHOD_MATCH = YES;
				COPY_PHASE_STRIP = NO;
				DEBUG_INFORMATION_FORMAT = dwarf;
				ENABLE_STRICT_OBJC_MSGSEND = YES;
				ENABLE_TESTABILITY = YES;
				ENABLE_USER_SCRIPT_SANDBOXING = YES;
				GCC_C_LANGUAGE_STANDARD = gnu17;
				GCC_DYNAMIC_NO_PIC = NO;
				GCC_NO_COMMON_BLOCKS = YES;
				GCC_OPTIMIZATION_LEVEL = 0;
				GCC_PREPROCESSOR_DEFINITIONS = (
					"DEBUG=1",
					"$(inherited)",
				);
				GCC_WARN_64_TO_32_BIT_CONVERSION = YES;
				GCC_WARN_ABOUT_RETURN_TYPE = YES_ERROR;
				GCC_WARN_UNDECLARED_SELECTOR = YES;
				GCC_WARN_UNINITIALIZED_AUTOS = YES_AGGRESSIVE;
				GCC_WARN_UNUSED_FUNCTION = YES;
				GCC_WARN_UNUSED_VARIABLE = YES;
				IPHONEOS_DEPLOYMENT_TARGET = 17.4;
				LOCALIZATION_PREFERS_STRING_CATALOGS = YES;
				MTL_ENABLE_DEBUG_INFO = INCLUDE_SOURCE;
				MTL_FAST_MATH = YES;
				ONLY_ACTIVE_ARCH = YES;
				SDKROOT = iphoneos;
			};
			name = Debug;
		};
		225A4C072BB2FF6900A5304A /* Release */ = {
			isa = XCBuildConfiguration;
			buildSettings = {
				ALWAYS_SEARCH_USER_PATHS = NO;
				ASSETCATALOG_COMPILER_GENERATE_SWIFT_ASSET_SYMBOL_EXTENSIONS = YES;
				CLANG_ANALYZER_NONNULL = YES;
				CLANG_ANALYZER_NUMBER_OBJECT_CONVERSION = YES_AGGRESSIVE;
				CLANG_CXX_LANGUAGE_STANDARD = "gnu++20";
				CLANG_ENABLE_MODULES = YES;
				CLANG_ENABLE_OBJC_ARC = YES;
				CLANG_ENABLE_OBJC_WEAK = YES;
				CLANG_WARN_BLOCK_CAPTURE_AUTORELEASING = YES;
				CLANG_WARN_BOOL_CONVERSION = YES;
				CLANG_WARN_COMMA = YES;
				CLANG_WARN_CONSTANT_CONVERSION = YES;
				CLANG_WARN_DEPRECATED_OBJC_IMPLEMENTATIONS = YES;
				CLANG_WARN_DIRECT_OBJC_ISA_USAGE = YES_ERROR;
				CLANG_WARN_DOCUMENTATION_COMMENTS = YES;
				CLANG_WARN_EMPTY_BODY = YES;
				CLANG_WARN_ENUM_CONVERSION = YES;
				CLANG_WARN_INFINITE_RECURSION = YES;
				CLANG_WARN_INT_CONVERSION = YES;
				CLANG_WARN_NON_LITERAL_NULL_CONVERSION = YES;
				CLANG_WARN_OBJC_IMPLICIT_RETAIN_SELF = YES;
				CLANG_WARN_OBJC_LITERAL_CONVERSION = YES;
				CLANG_WARN_OBJC_ROOT_CLASS = YES_ERROR;
				CLANG_WARN_QUOTED_INCLUDE_IN_FRAMEWORK_HEADER = YES;
				CLANG_WARN_RANGE_LOOP_ANALYSIS = YES;
				CLANG_WARN_STRICT_PROTOTYPES = YES;
				CLANG_WARN_SUSPICIOUS_MOVE = YES;
				CLANG_WARN_UNGUARDED_AVAILABILITY = YES_AGGRESSIVE;
				CLANG_WARN_UNREACHABLE_CODE = YES;
				CLANG_WARN__DUPLICATE_METHOD_MATCH = YES;
				COPY_PHASE_STRIP = NO;
				DEBUG_INFORMATION_FORMAT = "dwarf-with-dsym";
				ENABLE_NS_ASSERTIONS = NO;
				ENABLE_STRICT_OBJC_MSGSEND = YES;
				ENABLE_USER_SCRIPT_SANDBOXING = YES;
				GCC_C_LANGUAGE_STANDARD = gnu17;
				GCC_NO_COMMON_BLOCKS = YES;
				GCC_WARN_64_TO_32_BIT_CONVERSION = YES;
				GCC_WARN_ABOUT_RETURN_TYPE = YES_ERROR;
				GCC_WARN_UNDECLARED_SELECTOR = YES;
				GCC_WARN_UNINITIALIZED_AUTOS = YES_AGGRESSIVE;
				GCC_WARN_UNUSED_FUNCTION = YES;
				GCC_WARN_UNUSED_VARIABLE = YES;
				IPHONEOS_DEPLOYMENT_TARGET = 17.4;
				LOCALIZATION_PREFERS_STRING_CATALOGS = YES;
				MTL_ENABLE_DEBUG_INFO = NO;
				MTL_FAST_MATH = YES;
				SDKROOT = iphoneos;
				VALIDATE_PRODUCT = YES;
			};
			name = Release;
		};
		225A4C092BB2FF6900A5304A /* Debug */ = {
			isa = XCBuildConfiguration;
			buildSettings = {
				ASSETCATALOG_COMPILER_APPICON_NAME = AppIcon;
				ASSETCATALOG_COMPILER_GLOBAL_ACCENT_COLOR_NAME = AccentColor;
				CODE_SIGN_STYLE = Automatic;
				CURRENT_PROJECT_VERSION = 1;
				DEVELOPMENT_TEAM = F3UT7A6X54;
				GENERATE_INFOPLIST_FILE = YES;
				INFOPLIST_FILE = FlashThoughts/Info.plist;
				INFOPLIST_KEY_UIApplicationSupportsIndirectInputEvents = YES;
				INFOPLIST_KEY_UILaunchStoryboardName = LaunchScreen;
				INFOPLIST_KEY_UIMainStoryboardFile = Main;
				INFOPLIST_KEY_UISupportedInterfaceOrientations_iPad = "UIInterfaceOrientationPortrait UIInterfaceOrientationPortraitUpsideDown UIInterfaceOrientationLandscapeLeft UIInterfaceOrientationLandscapeRight";
				INFOPLIST_KEY_UISupportedInterfaceOrientations_iPhone = "UIInterfaceOrientationPortrait UIInterfaceOrientationLandscapeLeft UIInterfaceOrientationLandscapeRight";
				LD_RUNPATH_SEARCH_PATHS = (
					"$(inherited)",
					"@executable_path/Frameworks",
				);
				MARKETING_VERSION = 1.0;
				PRODUCT_BUNDLE_IDENTIFIER = tim.FlashThoughts;
				PRODUCT_NAME = "$(TARGET_NAME)";
				SWIFT_EMIT_LOC_STRINGS = YES;
				TARGETED_DEVICE_FAMILY = "1,2";
			};
			name = Debug;
		};
		225A4C0A2BB2FF6900A5304A /* Release */ = {
			isa = XCBuildConfiguration;
			buildSettings = {
				ASSETCATALOG_COMPILER_APPICON_NAME = AppIcon;
				ASSETCATALOG_COMPILER_GLOBAL_ACCENT_COLOR_NAME = AccentColor;
				CODE_SIGN_STYLE = Automatic;
				CURRENT_PROJECT_VERSION = 1;
				DEVELOPMENT_TEAM = F3UT7A6X54;
				GENERATE_INFOPLIST_FILE = YES;
				INFOPLIST_FILE = FlashThoughts/Info.plist;
				INFOPLIST_KEY_UIApplicationSupportsIndirectInputEvents = YES;
				INFOPLIST_KEY_UILaunchStoryboardName = LaunchScreen;
				INFOPLIST_KEY_UIMainStoryboardFile = Main;
				INFOPLIST_KEY_UISupportedInterfaceOrientations_iPad = "UIInterfaceOrientationPortrait UIInterfaceOrientationPortraitUpsideDown UIInterfaceOrientationLandscapeLeft UIInterfaceOrientationLandscapeRight";
				INFOPLIST_KEY_UISupportedInterfaceOrientations_iPhone = "UIInterfaceOrientationPortrait UIInterfaceOrientationLandscapeLeft UIInterfaceOrientationLandscapeRight";
				LD_RUNPATH_SEARCH_PATHS = (
					"$(inherited)",
					"@executable_path/Frameworks",
				);
				MARKETING_VERSION = 1.0;
				PRODUCT_BUNDLE_IDENTIFIER = tim.FlashThoughts;
				PRODUCT_NAME = "$(TARGET_NAME)";
				SWIFT_EMIT_LOC_STRINGS = YES;
				TARGETED_DEVICE_FAMILY = "1,2";
			};
			name = Release;
		};
/* End XCBuildConfiguration section */

/* Begin XCConfigurationList section */
		225A4BEA2BB2FF6800A5304A /* Build configuration list for PBXProject "FlashThoughts" */ = {
			isa = XCConfigurationList;
			buildConfigurations = (
				225A4C062BB2FF6900A5304A /* Debug */,
				225A4C072BB2FF6900A5304A /* Release */,
			);
			defaultConfigurationIsVisible = 0;
			defaultConfigurationName = Release;
		};
		225A4C082BB2FF6900A5304A /* Build configuration list for PBXNativeTarget "FlashThoughts" */ = {
			isa = XCConfigurationList;
			buildConfigurations = (
				225A4C092BB2FF6900A5304A /* Debug */,
				225A4C0A2BB2FF6900A5304A /* Release */,
			);
			defaultConfigurationIsVisible = 0;
			defaultConfigurationName = Release;
		};
/* End XCConfigurationList section */
	};
	rootObject = 225A4BE72BB2FF6800A5304A /* Project object */;
}
